
Microsoft Visual Studio Solution File, Format Version 12.00
# Visual Studio 15
VisualStudioVersion = 15.0.28307.421
MinimumVisualStudioVersion = 10.0.40219.1
Project("{9A19103F-16F7-4668-BE54-9A1E7A4F7556}") = "Sulekha", "WebApplication1\Sulekha.csproj", "{9604CD96-5F41-4790-8075-F3A407415761}"
EndProject
Project("{FAE04EC0-301F-11D3-BF4B-00C04F79EFBC}") = "SulekhaUnitTesting", "SulekhaUnitTesting\SulekhaUnitTesting.csproj", "{9994D1F8-3069-4DEF-B698-29D29B88FDDF}"
EndProject
Global
	GlobalSection(SolutionConfigurationPlatforms) = preSolution
		Debug|Any CPU = Debug|Any CPU
		Release|Any CPU = Release|Any CPU
	EndGlobalSection
	GlobalSection(ProjectConfigurationPlatforms) = postSolution
		{9604CD96-5F41-4790-8075-F3A407415761}.Debug|Any CPU.ActiveCfg = Debug|Any CPU
		{9604CD96-5F41-4790-8075-F3A407415761}.Debug|Any CPU.Build.0 = Debug|Any CPU
		{9604CD96-5F41-4790-8075-F3A407415761}.Release|Any CPU.ActiveCfg = Release|Any CPU
		{9604CD96-5F41-4790-8075-F3A407415761}.Release|Any CPU.Build.0 = Release|Any CPU
		{9994D1F8-3069-4DEF-B698-29D29B88FDDF}.Debug|Any CPU.ActiveCfg = Debug|Any CPU
		{9994D1F8-3069-4DEF-B698-29D29B88FDDF}.Debug|Any CPU.Build.0 = Debug|Any CPU
		{9994D1F8-3069-4DEF-B698-29D29B88FDDF}.Release|Any CPU.ActiveCfg = Release|Any CPU
		{9994D1F8-3069-4DEF-B698-29D29B88FDDF}.Release|Any CPU.Build.0 = Release|Any CPU
	EndGlobalSection
	GlobalSection(SolutionProperties) = preSolution
		HideSolutionNode = FALSE
	EndGlobalSection
	GlobalSection(ExtensibilityGlobals) = postSolution
		SolutionGuid = {31BF7216-4DF6-450D-B163-D763986FED75}
	EndGlobalSection
EndGlobal
